
Microsoft Visual Studio Solution File, Format Version 12.00
# Visual Studio Version 17
VisualStudioVersion = 17.7.34202.233
MinimumVisualStudioVersion = 10.0.40219.1
Project("{FAE04EC0-301F-11D3-BF4B-00C04F79EFBC}") = "FileTraining", "..\FileTraining\FileTraining.csproj", "{9D8BFEED-B58C-44B2-8E3B-5792CE78D4FC}"
EndProject
Project("{2150E333-8FDC-42A3-9474-1A3956D46DE8}") = "Trainings", "Trainings", "{642F29CF-A561-4C2D-8805-A968FB2EE77C}"
EndProject
Project("{FAE04EC0-301F-11D3-BF4B-00C04F79EFBC}") = "Mod6_Company", "Mod6_Company\Mod6_Company.csproj", "{1D78260D-356A-4A8E-AE5C-7C9279A3EA0B}"
EndProject
Global
	GlobalSection(SolutionConfigurationPlatforms) = preSolution
		Debug|Any CPU = Debug|Any CPU
		Release|Any CPU = Release|Any CPU
	EndGlobalSection
	GlobalSection(ProjectConfigurationPlatforms) = postSolution
		{9D8BFEED-B58C-44B2-8E3B-5792CE78D4FC}.Debug|Any CPU.ActiveCfg = Debug|Any CPU
		{9D8BFEED-B58C-44B2-8E3B-5792CE78D4FC}.Debug|Any CPU.Build.0 = Debug|Any CPU
		{9D8BFEED-B58C-44B2-8E3B-5792CE78D4FC}.Release|Any CPU.ActiveCfg = Release|Any CPU
		{9D8BFEED-B58C-44B2-8E3B-5792CE78D4FC}.Release|Any CPU.Build.0 = Release|Any CPU
		{1D78260D-356A-4A8E-AE5C-7C9279A3EA0B}.Debug|Any CPU.ActiveCfg = Debug|Any CPU
		{1D78260D-356A-4A8E-AE5C-7C9279A3EA0B}.Debug|Any CPU.Build.0 = Debug|Any CPU
		{1D78260D-356A-4A8E-AE5C-7C9279A3EA0B}.Release|Any CPU.ActiveCfg = Release|Any CPU
		{1D78260D-356A-4A8E-AE5C-7C9279A3EA0B}.Release|Any CPU.Build.0 = Release|Any CPU
	EndGlobalSection
	GlobalSection(SolutionProperties) = preSolution
		HideSolutionNode = FALSE
	EndGlobalSection
	GlobalSection(NestedProjects) = preSolution
		{9D8BFEED-B58C-44B2-8E3B-5792CE78D4FC} = {642F29CF-A561-4C2D-8805-A968FB2EE77C}
	EndGlobalSection
	GlobalSection(ExtensibilityGlobals) = postSolution
		SolutionGuid = {41B611E2-489C-41F3-B9DD-971C93C9363A}
	EndGlobalSection
EndGlobal
